// !$*UTF8*$!
{
	archiveVersion = 1;
	classes = {
	};
	objectVersion = 48;
	objects = {

/* Begin PBXBuildFile section */
		3DAD1D7B2066280F00B12097 /* AppDelegate.swift in Sources */ = {isa = PBXBuildFile; fileRef = 3DAD1D7A2066280F00B12097 /* AppDelegate.swift */; };
		3DAD1D802066280F00B12097 /* Main.storyboard in Resources */ = {isa = PBXBuildFile; fileRef = 3DAD1D7E2066280F00B12097 /* Main.storyboard */; };
		3DAD1D822066280F00B12097 /* Assets.xcassets in Resources */ = {isa = PBXBuildFile; fileRef = 3DAD1D812066280F00B12097 /* Assets.xcassets */; };
		3DAD1D852066280F00B12097 /* LaunchScreen.storyboard in Resources */ = {isa = PBXBuildFile; fileRef = 3DAD1D832066280F00B12097 /* LaunchScreen.storyboard */; };
		3DAD1D8E20662A8800B12097 /* LandingViewController.swift in Sources */ = {isa = PBXBuildFile; fileRef = 3DAD1D8C20662A8800B12097 /* LandingViewController.swift */; };
		3DAD1D9420662B6500B12097 /* User.swift in Sources */ = {isa = PBXBuildFile; fileRef = 3DAD1D9320662B6500B12097 /* User.swift */; };
		3DAD1D9620662B8C00B12097 /* Group.swift in Sources */ = {isa = PBXBuildFile; fileRef = 3DAD1D9520662B8C00B12097 /* Group.swift */; };
		3DAD1D982066309200B12097 /* GroupViewController.storyboard in Resources */ = {isa = PBXBuildFile; fileRef = 3DAD1D972066309200B12097 /* GroupViewController.storyboard */; };
		3DAD1D9A206630A600B12097 /* AccountViewController.storyboard in Resources */ = {isa = PBXBuildFile; fileRef = 3DAD1D99206630A600B12097 /* AccountViewController.storyboard */; };
		3DAD1D9D2066315000B12097 /* API.swift in Sources */ = {isa = PBXBuildFile; fileRef = 3DAD1D9C2066315000B12097 /* API.swift */; };
		3DAD1D9F2066318A00B12097 /* GroupViewController.swift in Sources */ = {isa = PBXBuildFile; fileRef = 3DAD1D9E2066318A00B12097 /* GroupViewController.swift */; };
		3DAD1DA12066319500B12097 /* AccountViewController.swift in Sources */ = {isa = PBXBuildFile; fileRef = 3DAD1DA02066319500B12097 /* AccountViewController.swift */; };
		3DAD1DA3206634AD00B12097 /* Constants.swift in Sources */ = {isa = PBXBuildFile; fileRef = 3DAD1DA2206634AD00B12097 /* Constants.swift */; };
		5F3CB29E206643BE00CB4C31 /* Accounts.json in Resources */ = {isa = PBXBuildFile; fileRef = 5F3CB29D206643BE00CB4C31 /* Accounts.json */; };
		5F3CB2A02066444700CB4C31 /* Account.swift in Sources */ = {isa = PBXBuildFile; fileRef = 5F3CB29F2066444700CB4C31 /* Account.swift */; };
		5F3CB2A420665BBF00CB4C31 /* AccountCell.swift in Sources */ = {isa = PBXBuildFile; fileRef = 5F3CB2A320665BBF00CB4C31 /* AccountCell.swift */; };
		5F3CB2A620665E2400CB4C31 /* AccountCell.xib in Resources */ = {isa = PBXBuildFile; fileRef = 5F3CB2A520665E2400CB4C31 /* AccountCell.xib */; };
		96284EB2BBB761E41D54CF25 /* Pods_BananaSplit.framework in Frameworks */ = {isa = PBXBuildFile; fileRef = 776AE34DEFBB7346F408799D /* Pods_BananaSplit.framework */; };
/* End PBXBuildFile section */

/* Begin PBXFileReference section */
		3DAD1D772066280F00B12097 /* BananaSplit.app */ = {isa = PBXFileReference; explicitFileType = wrapper.application; includeInIndex = 0; path = BananaSplit.app; sourceTree = BUILT_PRODUCTS_DIR; };
		3DAD1D7A2066280F00B12097 /* AppDelegate.swift */ = {isa = PBXFileReference; lastKnownFileType = sourcecode.swift; path = AppDelegate.swift; sourceTree = "<group>"; };
		3DAD1D7F2066280F00B12097 /* Base */ = {isa = PBXFileReference; lastKnownFileType = file.storyboard; name = Base; path = Base.lproj/Main.storyboard; sourceTree = "<group>"; };
		3DAD1D812066280F00B12097 /* Assets.xcassets */ = {isa = PBXFileReference; lastKnownFileType = folder.assetcatalog; path = Assets.xcassets; sourceTree = "<group>"; };
		3DAD1D842066280F00B12097 /* Base */ = {isa = PBXFileReference; lastKnownFileType = file.storyboard; name = Base; path = Base.lproj/LaunchScreen.storyboard; sourceTree = "<group>"; };
		3DAD1D862066280F00B12097 /* Info.plist */ = {isa = PBXFileReference; lastKnownFileType = text.plist.xml; path = Info.plist; sourceTree = "<group>"; };
		3DAD1D8C20662A8800B12097 /* LandingViewController.swift */ = {isa = PBXFileReference; lastKnownFileType = sourcecode.swift; path = LandingViewController.swift; sourceTree = "<group>"; };
		3DAD1D9320662B6500B12097 /* User.swift */ = {isa = PBXFileReference; lastKnownFileType = sourcecode.swift; path = User.swift; sourceTree = "<group>"; };
		3DAD1D9520662B8C00B12097 /* Group.swift */ = {isa = PBXFileReference; lastKnownFileType = sourcecode.swift; path = Group.swift; sourceTree = "<group>"; };
		3DAD1D972066309200B12097 /* GroupViewController.storyboard */ = {isa = PBXFileReference; lastKnownFileType = file.storyboard; path = GroupViewController.storyboard; sourceTree = "<group>"; };
		3DAD1D99206630A600B12097 /* AccountViewController.storyboard */ = {isa = PBXFileReference; lastKnownFileType = file.storyboard; path = AccountViewController.storyboard; sourceTree = "<group>"; };
		3DAD1D9C2066315000B12097 /* API.swift */ = {isa = PBXFileReference; lastKnownFileType = sourcecode.swift; path = API.swift; sourceTree = "<group>"; };
		3DAD1D9E2066318A00B12097 /* GroupViewController.swift */ = {isa = PBXFileReference; lastKnownFileType = sourcecode.swift; path = GroupViewController.swift; sourceTree = "<group>"; };
		3DAD1DA02066319500B12097 /* AccountViewController.swift */ = {isa = PBXFileReference; lastKnownFileType = sourcecode.swift; path = AccountViewController.swift; sourceTree = "<group>"; };
		3DAD1DA2206634AD00B12097 /* Constants.swift */ = {isa = PBXFileReference; lastKnownFileType = sourcecode.swift; path = Constants.swift; sourceTree = "<group>"; };
		5F3CB29D206643BE00CB4C31 /* Accounts.json */ = {isa = PBXFileReference; lastKnownFileType = text.json; path = Accounts.json; sourceTree = "<group>"; };
		5F3CB29F2066444700CB4C31 /* Account.swift */ = {isa = PBXFileReference; lastKnownFileType = sourcecode.swift; path = Account.swift; sourceTree = "<group>"; };
		5F3CB2A320665BBF00CB4C31 /* AccountCell.swift */ = {isa = PBXFileReference; lastKnownFileType = sourcecode.swift; path = AccountCell.swift; sourceTree = "<group>"; };
		5F3CB2A520665E2400CB4C31 /* AccountCell.xib */ = {isa = PBXFileReference; lastKnownFileType = file.xib; path = AccountCell.xib; sourceTree = "<group>"; };
		68BA86B751E5551A2F9188CA /* Pods-BananaSplit.debug.xcconfig */ = {isa = PBXFileReference; includeInIndex = 1; lastKnownFileType = text.xcconfig; name = "Pods-BananaSplit.debug.xcconfig"; path = "Pods/Target Support Files/Pods-BananaSplit/Pods-BananaSplit.debug.xcconfig"; sourceTree = "<group>"; };
		776AE34DEFBB7346F408799D /* Pods_BananaSplit.framework */ = {isa = PBXFileReference; explicitFileType = wrapper.framework; includeInIndex = 0; path = Pods_BananaSplit.framework; sourceTree = BUILT_PRODUCTS_DIR; };
		9BEEC87972CA7DA950006E07 /* Pods-BananaSplit.release.xcconfig */ = {isa = PBXFileReference; includeInIndex = 1; lastKnownFileType = text.xcconfig; name = "Pods-BananaSplit.release.xcconfig"; path = "Pods/Target Support Files/Pods-BananaSplit/Pods-BananaSplit.release.xcconfig"; sourceTree = "<group>"; };
/* End PBXFileReference section */

/* Begin PBXFrameworksBuildPhase section */
		3DAD1D742066280F00B12097 /* Frameworks */ = {
			isa = PBXFrameworksBuildPhase;
			buildActionMask = 2147483647;
			files = (
				96284EB2BBB761E41D54CF25 /* Pods_BananaSplit.framework in Frameworks */,
			);
			runOnlyForDeploymentPostprocessing = 0;
		};
/* End PBXFrameworksBuildPhase section */

/* Begin PBXGroup section */
		1F3DAFC3242A537D50FC7256 /* Frameworks */ = {
			isa = PBXGroup;
			children = (
				776AE34DEFBB7346F408799D /* Pods_BananaSplit.framework */,
			);
			name = Frameworks;
			sourceTree = "<group>";
		};
		3DAD1D6E2066280F00B12097 = {
			isa = PBXGroup;
			children = (
				3DAD1D792066280F00B12097 /* BananaSplit */,
				3DAD1D782066280F00B12097 /* Products */,
				7E347CB499D272CDF1D01F15 /* Pods */,
				1F3DAFC3242A537D50FC7256 /* Frameworks */,
			);
			sourceTree = "<group>";
		};
		3DAD1D782066280F00B12097 /* Products */ = {
			isa = PBXGroup;
			children = (
				3DAD1D772066280F00B12097 /* BananaSplit.app */,
			);
			name = Products;
			sourceTree = "<group>";
		};
		3DAD1D792066280F00B12097 /* BananaSplit */ = {
			isa = PBXGroup;
			children = (
				5F3CB29C2066439900CB4C31 /* Resources */,
				3DAD1D9B2066313B00B12097 /* Services */,
				3DAD1D9220662B4000B12097 /* Controller */,
				3DAD1D9120662B3C00B12097 /* View */,
				3DAD1D9020662B3400B12097 /* Model */,
				3DAD1D7A2066280F00B12097 /* AppDelegate.swift */,
				3DAD1D862066280F00B12097 /* Info.plist */,
			);
			path = BananaSplit;
			sourceTree = "<group>";
		};
		3DAD1D9020662B3400B12097 /* Model */ = {
			isa = PBXGroup;
			children = (
				3DAD1D9320662B6500B12097 /* User.swift */,
				3DAD1D9520662B8C00B12097 /* Group.swift */,
				5F3CB29F2066444700CB4C31 /* Account.swift */,
			);
			path = Model;
			sourceTree = "<group>";
		};
		3DAD1D9120662B3C00B12097 /* View */ = {
			isa = PBXGroup;
			children = (
				3DAD1D7E2066280F00B12097 /* Main.storyboard */,
				3DAD1D812066280F00B12097 /* Assets.xcassets */,
				3DAD1D832066280F00B12097 /* LaunchScreen.storyboard */,
				3DAD1D972066309200B12097 /* GroupViewController.storyboard */,
				3DAD1D99206630A600B12097 /* AccountViewController.storyboard */,
				5F3CB2A320665BBF00CB4C31 /* AccountCell.swift */,
				5F3CB2A520665E2400CB4C31 /* AccountCell.xib */,
			);
			path = View;
			sourceTree = "<group>";
		};
		3DAD1D9220662B4000B12097 /* Controller */ = {
			isa = PBXGroup;
			children = (
				3DAD1D8C20662A8800B12097 /* LandingViewController.swift */,
				3DAD1D9E2066318A00B12097 /* GroupViewController.swift */,
				3DAD1DA02066319500B12097 /* AccountViewController.swift */,
			);
			path = Controller;
			sourceTree = "<group>";
		};
		3DAD1D9B2066313B00B12097 /* Services */ = {
			isa = PBXGroup;
			children = (
				3DAD1D9C2066315000B12097 /* API.swift */,
				3DAD1DA2206634AD00B12097 /* Constants.swift */,
			);
			path = Services;
			sourceTree = "<group>";
		};
		5F3CB29C2066439900CB4C31 /* Resources */ = {
			isa = PBXGroup;
			children = (
				5F3CB29D206643BE00CB4C31 /* Accounts.json */,
			);
			path = Resources;
			sourceTree = "<group>";
		};
		7E347CB499D272CDF1D01F15 /* Pods */ = {
			isa = PBXGroup;
			children = (
				68BA86B751E5551A2F9188CA /* Pods-BananaSplit.debug.xcconfig */,
				9BEEC87972CA7DA950006E07 /* Pods-BananaSplit.release.xcconfig */,
			);
			name = Pods;
			sourceTree = "<group>";
		};
/* End PBXGroup section */

/* Begin PBXNativeTarget section */
		3DAD1D762066280F00B12097 /* BananaSplit */ = {
			isa = PBXNativeTarget;
			buildConfigurationList = 3DAD1D892066280F00B12097 /* Build configuration list for PBXNativeTarget "BananaSplit" */;
			buildPhases = (
				C8AFFD464302F346E88B4A65 /* [CP] Check Pods Manifest.lock */,
				3DAD1D732066280F00B12097 /* Sources */,
				3DAD1D742066280F00B12097 /* Frameworks */,
				3DAD1D752066280F00B12097 /* Resources */,
				3BE5B454CA8EC1BC81FAC026 /* [CP] Embed Pods Frameworks */,
				250223B521EFD9BFAD96E815 /* [CP] Copy Pods Resources */,
			);
			buildRules = (
			);
			dependencies = (
			);
			name = BananaSplit;
			productName = BananaSplit;
			productReference = 3DAD1D772066280F00B12097 /* BananaSplit.app */;
			productType = "com.apple.product-type.application";
		};
/* End PBXNativeTarget section */

/* Begin PBXProject section */
		3DAD1D6F2066280F00B12097 /* Project object */ = {
			isa = PBXProject;
			attributes = {
				LastSwiftUpdateCheck = 0910;
				LastUpgradeCheck = 0910;
				ORGANIZATIONNAME = "Cathy Oun";
				TargetAttributes = {
					3DAD1D762066280F00B12097 = {
						CreatedOnToolsVersion = 9.1;
						ProvisioningStyle = Automatic;
					};
				};
			};
			buildConfigurationList = 3DAD1D722066280F00B12097 /* Build configuration list for PBXProject "BananaSplit" */;
			compatibilityVersion = "Xcode 8.0";
			developmentRegion = en;
			hasScannedForEncodings = 0;
			knownRegions = (
				en,
				Base,
			);
			mainGroup = 3DAD1D6E2066280F00B12097;
			productRefGroup = 3DAD1D782066280F00B12097 /* Products */;
			projectDirPath = "";
			projectRoot = "";
			targets = (
				3DAD1D762066280F00B12097 /* BananaSplit */,
			);
		};
/* End PBXProject section */

/* Begin PBXResourcesBuildPhase section */
		3DAD1D752066280F00B12097 /* Resources */ = {
			isa = PBXResourcesBuildPhase;
			buildActionMask = 2147483647;
			files = (
				3DAD1D852066280F00B12097 /* LaunchScreen.storyboard in Resources */,
				3DAD1D982066309200B12097 /* GroupViewController.storyboard in Resources */,
				3DAD1D822066280F00B12097 /* Assets.xcassets in Resources */,
				3DAD1D802066280F00B12097 /* Main.storyboard in Resources */,
				5F3CB2A620665E2400CB4C31 /* AccountCell.xib in Resources */,
				3DAD1D9A206630A600B12097 /* AccountViewController.storyboard in Resources */,
				5F3CB29E206643BE00CB4C31 /* Accounts.json in Resources */,
			);
			runOnlyForDeploymentPostprocessing = 0;
		};
/* End PBXResourcesBuildPhase section */

/* Begin PBXShellScriptBuildPhase section */
		250223B521EFD9BFAD96E815 /* [CP] Copy Pods Resources */ = {
			isa = PBXShellScriptBuildPhase;
			buildActionMask = 2147483647;
			files = (
			);
			inputPaths = (
			);
			name = "[CP] Copy Pods Resources";
			outputPaths = (
			);
			runOnlyForDeploymentPostprocessing = 0;
			shellPath = /bin/sh;
			shellScript = "\"${SRCROOT}/Pods/Target Support Files/Pods-BananaSplit/Pods-BananaSplit-resources.sh\"\n";
			showEnvVarsInLog = 0;
		};
		3BE5B454CA8EC1BC81FAC026 /* [CP] Embed Pods Frameworks */ = {
			isa = PBXShellScriptBuildPhase;
			buildActionMask = 2147483647;
			files = (
			);
			inputPaths = (
				"${SRCROOT}/Pods/Target Support Files/Pods-BananaSplit/Pods-BananaSplit-frameworks.sh",
				"${BUILT_PRODUCTS_DIR}/Alamofire/Alamofire.framework",
			);
			name = "[CP] Embed Pods Frameworks";
			outputPaths = (
				"${TARGET_BUILD_DIR}/${FRAMEWORKS_FOLDER_PATH}/Alamofire.framework",
			);
			runOnlyForDeploymentPostprocessing = 0;
			shellPath = /bin/sh;
			shellScript = "\"${SRCROOT}/Pods/Target Support Files/Pods-BananaSplit/Pods-BananaSplit-frameworks.sh\"\n";
			showEnvVarsInLog = 0;
		};
		C8AFFD464302F346E88B4A65 /* [CP] Check Pods Manifest.lock */ = {
			isa = PBXShellScriptBuildPhase;
			buildActionMask = 2147483647;
			files = (
			);
			inputPaths = (
				"${PODS_PODFILE_DIR_PATH}/Podfile.lock",
				"${PODS_ROOT}/Manifest.lock",
			);
			name = "[CP] Check Pods Manifest.lock";
			outputPaths = (
				"$(DERIVED_FILE_DIR)/Pods-BananaSplit-checkManifestLockResult.txt",
			);
			runOnlyForDeploymentPostprocessing = 0;
			shellPath = /bin/sh;
			shellScript = "diff \"${PODS_PODFILE_DIR_PATH}/Podfile.lock\" \"${PODS_ROOT}/Manifest.lock\" > /dev/null\nif [ $? != 0 ] ; then\n    # print error to STDERR\n    echo \"error: The sandbox is not in sync with the Podfile.lock. Run 'pod install' or update your CocoaPods installation.\" >&2\n    exit 1\nfi\n# This output is used by Xcode 'outputs' to avoid re-running this script phase.\necho \"SUCCESS\" > \"${SCRIPT_OUTPUT_FILE_0}\"\n";
			showEnvVarsInLog = 0;
		};
/* End PBXShellScriptBuildPhase section */

/* Begin PBXSourcesBuildPhase section */
		3DAD1D732066280F00B12097 /* Sources */ = {
			isa = PBXSourcesBuildPhase;
			buildActionMask = 2147483647;
			files = (
				3DAD1D9F2066318A00B12097 /* GroupViewController.swift in Sources */,
				5F3CB2A420665BBF00CB4C31 /* AccountCell.swift in Sources */,
				3DAD1D8E20662A8800B12097 /* LandingViewController.swift in Sources */,
				3DAD1DA12066319500B12097 /* AccountViewController.swift in Sources */,
				3DAD1D7B2066280F00B12097 /* AppDelegate.swift in Sources */,
				3DAD1D9420662B6500B12097 /* User.swift in Sources */,
				5F3CB2A02066444700CB4C31 /* Account.swift in Sources */,
				3DAD1D9620662B8C00B12097 /* Group.swift in Sources */,
				3DAD1D9D2066315000B12097 /* API.swift in Sources */,
				3DAD1DA3206634AD00B12097 /* Constants.swift in Sources */,
			);
			runOnlyForDeploymentPostprocessing = 0;
		};
/* End PBXSourcesBuildPhase section */

/* Begin PBXVariantGroup section */
		3DAD1D7E2066280F00B12097 /* Main.storyboard */ = {
			isa = PBXVariantGroup;
			children = (
				3DAD1D7F2066280F00B12097 /* Base */,
			);
			name = Main.storyboard;
			sourceTree = "<group>";
		};
		3DAD1D832066280F00B12097 /* LaunchScreen.storyboard */ = {
			isa = PBXVariantGroup;
			children = (
				3DAD1D842066280F00B12097 /* Base */,
			);
			name = LaunchScreen.storyboard;
			sourceTree = "<group>";
		};
/* End PBXVariantGroup section */

/* Begin XCBuildConfiguration section */
		3DAD1D872066280F00B12097 /* Debug */ = {
			isa = XCBuildConfiguration;
			buildSettings = {
				ALWAYS_SEARCH_USER_PATHS = NO;
				CLANG_ANALYZER_NONNULL = YES;
				CLANG_ANALYZER_NUMBER_OBJECT_CONVERSION = YES_AGGRESSIVE;
				CLANG_CXX_LANGUAGE_STANDARD = "gnu++14";
				CLANG_CXX_LIBRARY = "libc++";
				CLANG_ENABLE_MODULES = YES;
				CLANG_ENABLE_OBJC_ARC = YES;
				CLANG_WARN_BLOCK_CAPTURE_AUTORELEASING = YES;
				CLANG_WARN_BOOL_CONVERSION = YES;
				CLANG_WARN_COMMA = YES;
				CLANG_WARN_CONSTANT_CONVERSION = YES;
				CLANG_WARN_DIRECT_OBJC_ISA_USAGE = YES_ERROR;
				CLANG_WARN_DOCUMENTATION_COMMENTS = YES;
				CLANG_WARN_EMPTY_BODY = YES;
				CLANG_WARN_ENUM_CONVERSION = YES;
				CLANG_WARN_INFINITE_RECURSION = YES;
				CLANG_WARN_INT_CONVERSION = YES;
				CLANG_WARN_NON_LITERAL_NULL_CONVERSION = YES;
				CLANG_WARN_OBJC_LITERAL_CONVERSION = YES;
				CLANG_WARN_OBJC_ROOT_CLASS = YES_ERROR;
				CLANG_WARN_RANGE_LOOP_ANALYSIS = YES;
				CLANG_WARN_STRICT_PROTOTYPES = YES;
				CLANG_WARN_SUSPICIOUS_MOVE = YES;
				CLANG_WARN_UNGUARDED_AVAILABILITY = YES_AGGRESSIVE;
				CLANG_WARN_UNREACHABLE_CODE = YES;
				CLANG_WARN__DUPLICATE_METHOD_MATCH = YES;
				CODE_SIGN_IDENTITY = "iPhone Developer";
				COPY_PHASE_STRIP = NO;
				DEBUG_INFORMATION_FORMAT = dwarf;
				ENABLE_STRICT_OBJC_MSGSEND = YES;
				ENABLE_TESTABILITY = YES;
				GCC_C_LANGUAGE_STANDARD = gnu11;
				GCC_DYNAMIC_NO_PIC = NO;
				GCC_NO_COMMON_BLOCKS = YES;
				GCC_OPTIMIZATION_LEVEL = 0;
				GCC_PREPROCESSOR_DEFINITIONS = (
					"DEBUG=1",
					"$(inherited)",
				);
				GCC_WARN_64_TO_32_BIT_CONVERSION = YES;
				GCC_WARN_ABOUT_RETURN_TYPE = YES_ERROR;
				GCC_WARN_UNDECLARED_SELECTOR = YES;
				GCC_WARN_UNINITIALIZED_AUTOS = YES_AGGRESSIVE;
				GCC_WARN_UNUSED_FUNCTION = YES;
				GCC_WARN_UNUSED_VARIABLE = YES;
				IPHONEOS_DEPLOYMENT_TARGET = 11.1;
				MTL_ENABLE_DEBUG_INFO = YES;
				ONLY_ACTIVE_ARCH = YES;
				SDKROOT = iphoneos;
				SWIFT_ACTIVE_COMPILATION_CONDITIONS = DEBUG;
				SWIFT_OPTIMIZATION_LEVEL = "-Onone";
			};
			name = Debug;
		};
		3DAD1D882066280F00B12097 /* Release */ = {
			isa = XCBuildConfiguration;
			buildSettings = {
				ALWAYS_SEARCH_USER_PATHS = NO;
				CLANG_ANALYZER_NONNULL = YES;
				CLANG_ANALYZER_NUMBER_OBJECT_CONVERSION = YES_AGGRESSIVE;
				CLANG_CXX_LANGUAGE_STANDARD = "gnu++14";
				CLANG_CXX_LIBRARY = "libc++";
				CLANG_ENABLE_MODULES = YES;
				CLANG_ENABLE_OBJC_ARC = YES;
				CLANG_WARN_BLOCK_CAPTURE_AUTORELEASING = YES;
				CLANG_WARN_BOOL_CONVERSION = YES;
				CLANG_WARN_COMMA = YES;
				CLANG_WARN_CONSTANT_CONVERSION = YES;
				CLANG_WARN_DIRECT_OBJC_ISA_USAGE = YES_ERROR;
				CLANG_WARN_DOCUMENTATION_COMMENTS = YES;
				CLANG_WARN_EMPTY_BODY = YES;
				CLANG_WARN_ENUM_CONVERSION = YES;
				CLANG_WARN_INFINITE_RECURSION = YES;
				CLANG_WARN_INT_CONVERSION = YES;
				CLANG_WARN_NON_LITERAL_NULL_CONVERSION = YES;
				CLANG_WARN_OBJC_LITERAL_CONVERSION = YES;
				CLANG_WARN_OBJC_ROOT_CLASS = YES_ERROR;
				CLANG_WARN_RANGE_LOOP_ANALYSIS = YES;
				CLANG_WARN_STRICT_PROTOTYPES = YES;
				CLANG_WARN_SUSPICIOUS_MOVE = YES;
				CLANG_WARN_UNGUARDED_AVAILABILITY = YES_AGGRESSIVE;
				CLANG_WARN_UNREACHABLE_CODE = YES;
				CLANG_WARN__DUPLICATE_METHOD_MATCH = YES;
				CODE_SIGN_IDENTITY = "iPhone Developer";
				COPY_PHASE_STRIP = NO;
				DEBUG_INFORMATION_FORMAT = "dwarf-with-dsym";
				ENABLE_NS_ASSERTIONS = NO;
				ENABLE_STRICT_OBJC_MSGSEND = YES;
				GCC_C_LANGUAGE_STANDARD = gnu11;
				GCC_NO_COMMON_BLOCKS = YES;
				GCC_WARN_64_TO_32_BIT_CONVERSION = YES;
				GCC_WARN_ABOUT_RETURN_TYPE = YES_ERROR;
				GCC_WARN_UNDECLARED_SELECTOR = YES;
				GCC_WARN_UNINITIALIZED_AUTOS = YES_AGGRESSIVE;
				GCC_WARN_UNUSED_FUNCTION = YES;
				GCC_WARN_UNUSED_VARIABLE = YES;
				IPHONEOS_DEPLOYMENT_TARGET = 11.1;
				MTL_ENABLE_DEBUG_INFO = NO;
				SDKROOT = iphoneos;
				SWIFT_OPTIMIZATION_LEVEL = "-Owholemodule";
				VALIDATE_PRODUCT = YES;
			};
			name = Release;
		};
		3DAD1D8A2066280F00B12097 /* Debug */ = {
			isa = XCBuildConfiguration;
			baseConfigurationReference = 68BA86B751E5551A2F9188CA /* Pods-BananaSplit.debug.xcconfig */;
			buildSettings = {
				ASSETCATALOG_COMPILER_APPICON_NAME = AppIcon;
				CODE_SIGN_STYLE = Automatic;
				DEVELOPMENT_TEAM = 597HR9EHGW;
				INFOPLIST_FILE = BananaSplit/Info.plist;
				LD_RUNPATH_SEARCH_PATHS = "$(inherited) @executable_path/Frameworks";
				PRODUCT_BUNDLE_IDENTIFIER = com.cathyoun.BananaSplit;
				PRODUCT_NAME = "$(TARGET_NAME)";
				SWIFT_VERSION = 4.0;
				TARGETED_DEVICE_FAMILY = "1,2";
			};
			name = Debug;
		};
		3DAD1D8B2066280F00B12097 /* Release */ = {
			isa = XCBuildConfiguration;
			baseConfigurationReference = 9BEEC87972CA7DA950006E07 /* Pods-BananaSplit.release.xcconfig */;
			buildSettings = {
				ASSETCATALOG_COMPILER_APPICON_NAME = AppIcon;
				CODE_SIGN_STYLE = Automatic;
				DEVELOPMENT_TEAM = 597HR9EHGW;
				INFOPLIST_FILE = BananaSplit/Info.plist;
				LD_RUNPATH_SEARCH_PATHS = "$(inherited) @executable_path/Frameworks";
				PRODUCT_BUNDLE_IDENTIFIER = com.cathyoun.BananaSplit;
				PRODUCT_NAME = "$(TARGET_NAME)";
				SWIFT_VERSION = 4.0;
				TARGETED_DEVICE_FAMILY = "1,2";
			};
			name = Release;
		};
/* End XCBuildConfiguration section */

/* Begin XCConfigurationList section */
		3DAD1D722066280F00B12097 /* Build configuration list for PBXProject "BananaSplit" */ = {
			isa = XCConfigurationList;
			buildConfigurations = (
				3DAD1D872066280F00B12097 /* Debug */,
				3DAD1D882066280F00B12097 /* Release */,
			);
			defaultConfigurationIsVisible = 0;
			defaultConfigurationName = Release;
		};
		3DAD1D892066280F00B12097 /* Build configuration list for PBXNativeTarget "BananaSplit" */ = {
			isa = XCConfigurationList;
			buildConfigurations = (
				3DAD1D8A2066280F00B12097 /* Debug */,
				3DAD1D8B2066280F00B12097 /* Release */,
			);
			defaultConfigurationIsVisible = 0;
			defaultConfigurationName = Release;
		};
/* End XCConfigurationList section */
	};
	rootObject = 3DAD1D6F2066280F00B12097 /* Project object */;
}
